{
  "version": 4,
  "terraform_version": "1.3.9",
  "serial": 420,
  "lineage": "0c6507b2-dbed-e5d4-901a-b4d52ef7c79f",
  "outputs": {
    "instance_ip": {
      "value": "10.72.102.250",
      "type": "string"
    }
  },
  "resources": [
    {
      "mode": "managed",
      "type": "openstack_compute_floatingip_associate_v2",
      "name": "floating_ip",
      "provider": "provider[\"registry.terraform.io/terraform-provider-openstack/openstack\"]",
      "instances": [
        {
          "schema_version": 0,
          "attributes": {
            "fixed_ip": "",
            "floating_ip": "10.72.102.250",
            "id": "10.72.102.250/afff6947-347d-4bb6-b665-3425ecc83577/",
            "instance_id": "afff6947-347d-4bb6-b665-3425ecc83577",
            "region": "RegionOne",
            "timeouts": null,
            "wait_until_associated": null
          },
          "sensitive_attributes": [],
          "private": "eyJlMmJmYjczMC1lY2FhLTExZTYtOGY4OC0zNDM2M2JjN2M0YzAiOnsiY3JlYXRlIjo2MDAwMDAwMDAwMDB9fQ==",
          "dependencies": [
            "openstack_compute_instance_v2.instance",
            "openstack_compute_secgroup_v2.security_group",
            "openstack_networking_floatingip_v2.floating_ip"
          ]
        }
      ]
    },
    {
      "mode": "managed",
      "type": "openstack_compute_instance_v2",
      "name": "instance",
      "provider": "provider[\"registry.terraform.io/terraform-provider-openstack/openstack\"]",
      "instances": [
        {
          "schema_version": 0,
          "attributes": {
            "access_ip_v4": "192.168.0.217",
            "access_ip_v6": "",
            "admin_pass": null,
            "all_metadata": {},
            "all_tags": [],
            "availability_zone": "nova",
            "availability_zone_hints": null,
            "block_device": [],
            "config_drive": null,
            "flavor_id": "f02fc95a-406c-4189-8723-9f345ea5f8f9",
            "flavor_name": "m1.medium",
            "floating_ip": null,
            "force_delete": false,
            "id": "afff6947-347d-4bb6-b665-3425ecc83577",
            "image_id": "58c02a34-3602-46b0-8d90-fe8ffab17d80",
            "image_name": "Debian 12 Bookworm",
            "key_pair": "openstack_keypair",
            "metadata": null,
            "name": "JenkinsServer",
            "network": [
              {
                "access_network": false,
                "fixed_ip_v4": "192.168.0.217",
                "fixed_ip_v6": "",
                "floating_ip": "",
                "mac": "fa:16:3e:be:61:9e",
                "name": "scmimc_network",
                "port": "",
                "uuid": "8f5cf34a-38e2-4e4f-895e-2223c54dc3f7"
              }
            ],
            "network_mode": null,
            "personality": [],
            "power_state": "active",
            "region": "RegionOne",
            "scheduler_hints": [],
            "security_groups": [
              "tf_security"
            ],
            "stop_before_destroy": false,
            "tags": null,
            "timeouts": null,
            "user_data": "74bd0731854967fcf7eb40fd6b70abb2d390a749",
            "vendor_options": [],
            "volume": []
          },
          "sensitive_attributes": [],
          "private": "eyJlMmJmYjczMC1lY2FhLTExZTYtOGY4OC0zNDM2M2JjN2M0YzAiOnsiY3JlYXRlIjoxODAwMDAwMDAwMDAwLCJkZWxldGUiOjE4MDAwMDAwMDAwMDAsInVwZGF0ZSI6MTgwMDAwMDAwMDAwMH19",
          "dependencies": [
            "openstack_compute_secgroup_v2.security_group"
          ]
        }
      ]
    },
    {
      "mode": "managed",
      "type": "openstack_compute_secgroup_v2",
      "name": "security_group",
      "provider": "provider[\"registry.terraform.io/terraform-provider-openstack/openstack\"]",
      "instances": [
        {
          "schema_version": 0,
          "attributes": {
            "description": "Terraform security group",
            "id": "a28711d7-37ee-404e-b545-8dc6910a7364",
            "name": "tf_security",
            "region": "RegionOne",
            "rule": [
              {
                "cidr": "0.0.0.0/0",
                "from_group_id": "",
                "from_port": 22,
                "id": "44718af4-1a45-4a08-814d-3fe0d7de431c",
                "ip_protocol": "tcp",
                "self": false,
                "to_port": 22
              },
              {
                "cidr": "0.0.0.0/0",
                "from_group_id": "",
                "from_port": 8080,
                "id": "cdf97468-1e7b-4249-8ec1-4d61d753ecae",
                "ip_protocol": "tcp",
                "self": false,
                "to_port": 8080
              },
              {
                "cidr": "0.0.0.0/0",
                "from_group_id": "",
                "from_port": 8081,
                "id": "d42a5dbe-fb06-4340-9984-e41774248634",
                "ip_protocol": "tcp",
                "self": false,
                "to_port": 8081
              }
            ],
            "timeouts": null
          },
          "sensitive_attributes": [],
          "private": "eyJlMmJmYjczMC1lY2FhLTExZTYtOGY4OC0zNDM2M2JjN2M0YzAiOnsiZGVsZXRlIjo2MDAwMDAwMDAwMDB9fQ=="
        }
      ]
    },
    {
      "mode": "managed",
      "type": "openstack_networking_floatingip_v2",
      "name": "floating_ip",
      "provider": "provider[\"registry.terraform.io/terraform-provider-openstack/openstack\"]",
      "instances": [
        {
          "schema_version": 0,
          "attributes": {
            "address": "10.72.102.250",
            "all_tags": [],
            "description": "",
            "dns_domain": "",
            "dns_name": "",
            "fixed_ip": "192.168.0.58",
            "id": "a121d90b-71f1-499b-8495-d0da74b43f11",
            "pool": "cscloud_private_floating",
            "port_id": "e248f58f-1d8c-4948-b9d0-a49eeb8271b3",
            "region": "RegionOne",
            "subnet_id": null,
            "tags": [],
            "tenant_id": "a5e70f75c53544f3877b6e6fec9cf77b",
            "timeouts": null,
            "value_specs": null
          },
          "sensitive_attributes": [],
          "private": "eyJlMmJmYjczMC1lY2FhLTExZTYtOGY4OC0zNDM2M2JjN2M0YzAiOnsiY3JlYXRlIjo2MDAwMDAwMDAwMDAsImRlbGV0ZSI6NjAwMDAwMDAwMDAwfX0="
        }
      ]
    }
  ],
  "check_results": null
}
